
Microsoft Visual Studio Solution File, Format Version 12.00
# Visual Studio Version 17
VisualStudioVersion = 17.8.34408.163
MinimumVisualStudioVersion = 10.0.40219.1
Project("{9A19103F-16F7-4668-BE54-9A1E7A4F7556}") = "Api", "Api\Api.csproj", "{B049F131-CA4E-46B7-A64F-5A2908FA7562}"
	ProjectSection(ProjectDependencies) = postProject
		{2B225172-6B9E-4CAE-B7A7-A71D78FAE393} = {2B225172-6B9E-4CAE-B7A7-A71D78FAE393}
		{3EB9B801-350A-4A36-8921-0442E7B446E0} = {3EB9B801-350A-4A36-8921-0442E7B446E0}
		{5C0D9CD7-975F-4ED4-A11F-C47AA57DFFC5} = {5C0D9CD7-975F-4ED4-A11F-C47AA57DFFC5}
	EndProjectSection
EndProject
Project("{9A19103F-16F7-4668-BE54-9A1E7A4F7556}") = "Core", "Core\Core.csproj", "{2B225172-6B9E-4CAE-B7A7-A71D78FAE393}"
EndProject
Project("{9A19103F-16F7-4668-BE54-9A1E7A4F7556}") = "Repository", "Repository\Repository.csproj", "{5C0D9CD7-975F-4ED4-A11F-C47AA57DFFC5}"
EndProject
Project("{9A19103F-16F7-4668-BE54-9A1E7A4F7556}") = "Services", "Services\Services.csproj", "{3EB9B801-350A-4A36-8921-0442E7B446E0}"
EndProject
Global
	GlobalSection(SolutionConfigurationPlatforms) = preSolution
		Debug|Any CPU = Debug|Any CPU
		Release|Any CPU = Release|Any CPU
	EndGlobalSection
	GlobalSection(ProjectConfigurationPlatforms) = postSolution
		{B049F131-CA4E-46B7-A64F-5A2908FA7562}.Debug|Any CPU.ActiveCfg = Debug|Any CPU
		{B049F131-CA4E-46B7-A64F-5A2908FA7562}.Debug|Any CPU.Build.0 = Debug|Any CPU
		{B049F131-CA4E-46B7-A64F-5A2908FA7562}.Release|Any CPU.ActiveCfg = Release|Any CPU
		{B049F131-CA4E-46B7-A64F-5A2908FA7562}.Release|Any CPU.Build.0 = Release|Any CPU
		{2B225172-6B9E-4CAE-B7A7-A71D78FAE393}.Debug|Any CPU.ActiveCfg = Debug|Any CPU
		{2B225172-6B9E-4CAE-B7A7-A71D78FAE393}.Debug|Any CPU.Build.0 = Debug|Any CPU
		{2B225172-6B9E-4CAE-B7A7-A71D78FAE393}.Release|Any CPU.ActiveCfg = Release|Any CPU
		{2B225172-6B9E-4CAE-B7A7-A71D78FAE393}.Release|Any CPU.Build.0 = Release|Any CPU
		{5C0D9CD7-975F-4ED4-A11F-C47AA57DFFC5}.Debug|Any CPU.ActiveCfg = Debug|Any CPU
		{5C0D9CD7-975F-4ED4-A11F-C47AA57DFFC5}.Debug|Any CPU.Build.0 = Debug|Any CPU
		{5C0D9CD7-975F-4ED4-A11F-C47AA57DFFC5}.Release|Any CPU.ActiveCfg = Release|Any CPU
		{5C0D9CD7-975F-4ED4-A11F-C47AA57DFFC5}.Release|Any CPU.Build.0 = Release|Any CPU
		{3EB9B801-350A-4A36-8921-0442E7B446E0}.Debug|Any CPU.ActiveCfg = Debug|Any CPU
		{3EB9B801-350A-4A36-8921-0442E7B446E0}.Debug|Any CPU.Build.0 = Debug|Any CPU
		{3EB9B801-350A-4A36-8921-0442E7B446E0}.Release|Any CPU.ActiveCfg = Release|Any CPU
		{3EB9B801-350A-4A36-8921-0442E7B446E0}.Release|Any CPU.Build.0 = Release|Any CPU
	EndGlobalSection
	GlobalSection(SolutionProperties) = preSolution
		HideSolutionNode = FALSE
	EndGlobalSection
	GlobalSection(ExtensibilityGlobals) = postSolution
		SolutionGuid = {0AD2CB5B-D8C2-484D-8215-5788BE9ABC24}
	EndGlobalSection
EndGlobal
